// !$*UTF8*$!
{
	archiveVersion = 1;
	classes = {
	};
	objectVersion = 50;
	objects = {

/* Begin PBXBuildFile section */
		FC742C9223550AA700A89AE8 /* AppDelegate.swift in Sources */ = {isa = PBXBuildFile; fileRef = FC742C9123550AA700A89AE8 /* AppDelegate.swift */; };
		FC742C9423550AA700A89AE8 /* SceneDelegate.swift in Sources */ = {isa = PBXBuildFile; fileRef = FC742C9323550AA700A89AE8 /* SceneDelegate.swift */; };
		FC742C9923550AA700A89AE8 /* Main.storyboard in Resources */ = {isa = PBXBuildFile; fileRef = FC742C9723550AA700A89AE8 /* Main.storyboard */; };
		FC742C9B23550AAC00A89AE8 /* Assets.xcassets in Resources */ = {isa = PBXBuildFile; fileRef = FC742C9A23550AAC00A89AE8 /* Assets.xcassets */; };
		FC742C9E23550AAC00A89AE8 /* LaunchScreen.storyboard in Resources */ = {isa = PBXBuildFile; fileRef = FC742C9C23550AAC00A89AE8 /* LaunchScreen.storyboard */; };
		FC742CAA23550ACE00A89AE8 /* Journal.swift in Sources */ = {isa = PBXBuildFile; fileRef = FC742CA923550ACE00A89AE8 /* Journal.swift */; };
		FC742CAF23550BCF00A89AE8 /* CloudKit.framework in Frameworks */ = {isa = PBXBuildFile; fileRef = FC742CAE23550BCF00A89AE8 /* CloudKit.framework */; };
		FC742CB123550F7900A89AE8 /* JournalController.swift in Sources */ = {isa = PBXBuildFile; fileRef = FC742CB023550F7900A89AE8 /* JournalController.swift */; };
		FC742CB423551FC800A89AE8 /* EntryListTableViewController.swift in Sources */ = {isa = PBXBuildFile; fileRef = FC742CB323551FC800A89AE8 /* EntryListTableViewController.swift */; };
		FC742CB6235522F800A89AE8 /* DateExtension.swift in Sources */ = {isa = PBXBuildFile; fileRef = FC742CB5235522F800A89AE8 /* DateExtension.swift */; };
		FC742CB82355237C00A89AE8 /* EntryDetailViewController.swift in Sources */ = {isa = PBXBuildFile; fileRef = FC742CB72355237C00A89AE8 /* EntryDetailViewController.swift */; };
/* End PBXBuildFile section */

/* Begin PBXFileReference section */
		FC742C8E23550AA700A89AE8 /* JournalCloudKit.app */ = {isa = PBXFileReference; explicitFileType = wrapper.application; includeInIndex = 0; path = JournalCloudKit.app; sourceTree = BUILT_PRODUCTS_DIR; };
		FC742C9123550AA700A89AE8 /* AppDelegate.swift */ = {isa = PBXFileReference; lastKnownFileType = sourcecode.swift; path = AppDelegate.swift; sourceTree = "<group>"; };
		FC742C9323550AA700A89AE8 /* SceneDelegate.swift */ = {isa = PBXFileReference; lastKnownFileType = sourcecode.swift; path = SceneDelegate.swift; sourceTree = "<group>"; };
		FC742C9823550AA700A89AE8 /* Base */ = {isa = PBXFileReference; lastKnownFileType = file.storyboard; name = Base; path = Base.lproj/Main.storyboard; sourceTree = "<group>"; };
		FC742C9A23550AAC00A89AE8 /* Assets.xcassets */ = {isa = PBXFileReference; lastKnownFileType = folder.assetcatalog; path = Assets.xcassets; sourceTree = "<group>"; };
		FC742C9D23550AAC00A89AE8 /* Base */ = {isa = PBXFileReference; lastKnownFileType = file.storyboard; name = Base; path = Base.lproj/LaunchScreen.storyboard; sourceTree = "<group>"; };
		FC742C9F23550AAC00A89AE8 /* Info.plist */ = {isa = PBXFileReference; lastKnownFileType = text.plist.xml; path = Info.plist; sourceTree = "<group>"; };
		FC742CA923550ACE00A89AE8 /* Journal.swift */ = {isa = PBXFileReference; lastKnownFileType = sourcecode.swift; path = Journal.swift; sourceTree = "<group>"; };
		FC742CAC23550BC800A89AE8 /* JournalCloudKit.entitlements */ = {isa = PBXFileReference; lastKnownFileType = text.plist.entitlements; path = JournalCloudKit.entitlements; sourceTree = "<group>"; };
		FC742CAE23550BCF00A89AE8 /* CloudKit.framework */ = {isa = PBXFileReference; lastKnownFileType = wrapper.framework; name = CloudKit.framework; path = System/Library/Frameworks/CloudKit.framework; sourceTree = SDKROOT; };
		FC742CB023550F7900A89AE8 /* JournalController.swift */ = {isa = PBXFileReference; lastKnownFileType = sourcecode.swift; path = JournalController.swift; sourceTree = "<group>"; };
		FC742CB323551FC800A89AE8 /* EntryListTableViewController.swift */ = {isa = PBXFileReference; lastKnownFileType = sourcecode.swift; path = EntryListTableViewController.swift; sourceTree = "<group>"; };
		FC742CB5235522F800A89AE8 /* DateExtension.swift */ = {isa = PBXFileReference; lastKnownFileType = sourcecode.swift; path = DateExtension.swift; sourceTree = "<group>"; };
		FC742CB72355237C00A89AE8 /* EntryDetailViewController.swift */ = {isa = PBXFileReference; lastKnownFileType = sourcecode.swift; path = EntryDetailViewController.swift; sourceTree = "<group>"; };
/* End PBXFileReference section */

/* Begin PBXFrameworksBuildPhase section */
		FC742C8B23550AA700A89AE8 /* Frameworks */ = {
			isa = PBXFrameworksBuildPhase;
			buildActionMask = 2147483647;
			files = (
				FC742CAF23550BCF00A89AE8 /* CloudKit.framework in Frameworks */,
			);
			runOnlyForDeploymentPostprocessing = 0;
		};
/* End PBXFrameworksBuildPhase section */

/* Begin PBXGroup section */
		FC742C8523550AA700A89AE8 = {
			isa = PBXGroup;
			children = (
				FC742C9023550AA700A89AE8 /* JournalCloudKit */,
				FC742C8F23550AA700A89AE8 /* Products */,
				FC742CAD23550BCF00A89AE8 /* Frameworks */,
			);
			sourceTree = "<group>";
		};
		FC742C8F23550AA700A89AE8 /* Products */ = {
			isa = PBXGroup;
			children = (
				FC742C8E23550AA700A89AE8 /* JournalCloudKit.app */,
			);
			name = Products;
			sourceTree = "<group>";
		};
		FC742C9023550AA700A89AE8 /* JournalCloudKit */ = {
			isa = PBXGroup;
			children = (
				FC742CAC23550BC800A89AE8 /* JournalCloudKit.entitlements */,
				FC742CAB23550AD200A89AE8 /* Models */,
				FC742CA823550AC500A89AE8 /* Views */,
				FC742CA623550AB900A89AE8 /* Controllers */,
				FC742CA523550AB400A89AE8 /* Resources */,
			);
			path = JournalCloudKit;
			sourceTree = "<group>";
		};
		FC742CA523550AB400A89AE8 /* Resources */ = {
			isa = PBXGroup;
			children = (
				FC742C9123550AA700A89AE8 /* AppDelegate.swift */,
				FC742C9323550AA700A89AE8 /* SceneDelegate.swift */,
				FC742C9A23550AAC00A89AE8 /* Assets.xcassets */,
				FC742C9C23550AAC00A89AE8 /* LaunchScreen.storyboard */,
				FC742C9F23550AAC00A89AE8 /* Info.plist */,
			);
			path = Resources;
			sourceTree = "<group>";
		};
		FC742CA623550AB900A89AE8 /* Controllers */ = {
			isa = PBXGroup;
			children = (
				FC742CA723550ABE00A89AE8 /* View Controllers */,
				FC742CB22355126C00A89AE8 /* Model Controllers */,
				FC742CB5235522F800A89AE8 /* DateExtension.swift */,
			);
			path = Controllers;
			sourceTree = "<group>";
		};
		FC742CA723550ABE00A89AE8 /* View Controllers */ = {
			isa = PBXGroup;
			children = (
				FC742CB323551FC800A89AE8 /* EntryListTableViewController.swift */,
				FC742CB72355237C00A89AE8 /* EntryDetailViewController.swift */,
			);
			path = "View Controllers";
			sourceTree = "<group>";
		};
		FC742CA823550AC500A89AE8 /* Views */ = {
			isa = PBXGroup;
			children = (
				FC742C9723550AA700A89AE8 /* Main.storyboard */,
			);
			path = Views;
			sourceTree = "<group>";
		};
		FC742CAB23550AD200A89AE8 /* Models */ = {
			isa = PBXGroup;
			children = (
				FC742CA923550ACE00A89AE8 /* Journal.swift */,
			);
			path = Models;
			sourceTree = "<group>";
		};
		FC742CAD23550BCF00A89AE8 /* Frameworks */ = {
			isa = PBXGroup;
			children = (
				FC742CAE23550BCF00A89AE8 /* CloudKit.framework */,
			);
			name = Frameworks;
			sourceTree = "<group>";
		};
		FC742CB22355126C00A89AE8 /* Model Controllers */ = {
			isa = PBXGroup;
			children = (
				FC742CB023550F7900A89AE8 /* JournalController.swift */,
			);
			path = "Model Controllers";
			sourceTree = "<group>";
		};
/* End PBXGroup section */

/* Begin PBXNativeTarget section */
		FC742C8D23550AA700A89AE8 /* JournalCloudKit */ = {
			isa = PBXNativeTarget;
			buildConfigurationList = FC742CA223550AAC00A89AE8 /* Build configuration list for PBXNativeTarget "JournalCloudKit" */;
			buildPhases = (
				FC742C8A23550AA700A89AE8 /* Sources */,
				FC742C8B23550AA700A89AE8 /* Frameworks */,
				FC742C8C23550AA700A89AE8 /* Resources */,
			);
			buildRules = (
			);
			dependencies = (
			);
			name = JournalCloudKit;
			productName = JournalCloudKit;
			productReference = FC742C8E23550AA700A89AE8 /* JournalCloudKit.app */;
			productType = "com.apple.product-type.application";
		};
/* End PBXNativeTarget section */

/* Begin PBXProject section */
		FC742C8623550AA700A89AE8 /* Project object */ = {
			isa = PBXProject;
			attributes = {
				LastSwiftUpdateCheck = 1110;
				LastUpgradeCheck = 1110;
				ORGANIZATIONNAME = "Josh Sparks";
				TargetAttributes = {
					FC742C8D23550AA700A89AE8 = {
						CreatedOnToolsVersion = 11.1;
					};
				};
			};
			buildConfigurationList = FC742C8923550AA700A89AE8 /* Build configuration list for PBXProject "JournalCloudKit" */;
			compatibilityVersion = "Xcode 9.3";
			developmentRegion = en;
			hasScannedForEncodings = 0;
			knownRegions = (
				en,
				Base,
			);
			mainGroup = FC742C8523550AA700A89AE8;
			productRefGroup = FC742C8F23550AA700A89AE8 /* Products */;
			projectDirPath = "";
			projectRoot = "";
			targets = (
				FC742C8D23550AA700A89AE8 /* JournalCloudKit */,
			);
		};
/* End PBXProject section */

/* Begin PBXResourcesBuildPhase section */
		FC742C8C23550AA700A89AE8 /* Resources */ = {
			isa = PBXResourcesBuildPhase;
			buildActionMask = 2147483647;
			files = (
				FC742C9E23550AAC00A89AE8 /* LaunchScreen.storyboard in Resources */,
				FC742C9B23550AAC00A89AE8 /* Assets.xcassets in Resources */,
				FC742C9923550AA700A89AE8 /* Main.storyboard in Resources */,
			);
			runOnlyForDeploymentPostprocessing = 0;
		};
/* End PBXResourcesBuildPhase section */

/* Begin PBXSourcesBuildPhase section */
		FC742C8A23550AA700A89AE8 /* Sources */ = {
			isa = PBXSourcesBuildPhase;
			buildActionMask = 2147483647;
			files = (
				FC742C9223550AA700A89AE8 /* AppDelegate.swift in Sources */,
				FC742CB6235522F800A89AE8 /* DateExtension.swift in Sources */,
				FC742CB423551FC800A89AE8 /* EntryListTableViewController.swift in Sources */,
				FC742C9423550AA700A89AE8 /* SceneDelegate.swift in Sources */,
				FC742CB123550F7900A89AE8 /* JournalController.swift in Sources */,
				FC742CB82355237C00A89AE8 /* EntryDetailViewController.swift in Sources */,
				FC742CAA23550ACE00A89AE8 /* Journal.swift in Sources */,
			);
			runOnlyForDeploymentPostprocessing = 0;
		};
/* End PBXSourcesBuildPhase section */

/* Begin PBXVariantGroup section */
		FC742C9723550AA700A89AE8 /* Main.storyboard */ = {
			isa = PBXVariantGroup;
			children = (
				FC742C9823550AA700A89AE8 /* Base */,
			);
			name = Main.storyboard;
			sourceTree = "<group>";
		};
		FC742C9C23550AAC00A89AE8 /* LaunchScreen.storyboard */ = {
			isa = PBXVariantGroup;
			children = (
				FC742C9D23550AAC00A89AE8 /* Base */,
			);
			name = LaunchScreen.storyboard;
			sourceTree = "<group>";
		};
/* End PBXVariantGroup section */

/* Begin XCBuildConfiguration section */
		FC742CA023550AAC00A89AE8 /* Debug */ = {
			isa = XCBuildConfiguration;
			buildSettings = {
				ALWAYS_SEARCH_USER_PATHS = NO;
				CLANG_ANALYZER_NONNULL = YES;
				CLANG_ANALYZER_NUMBER_OBJECT_CONVERSION = YES_AGGRESSIVE;
				CLANG_CXX_LANGUAGE_STANDARD = "gnu++14";
				CLANG_CXX_LIBRARY = "libc++";
				CLANG_ENABLE_MODULES = YES;
				CLANG_ENABLE_OBJC_ARC = YES;
				CLANG_ENABLE_OBJC_WEAK = YES;
				CLANG_WARN_BLOCK_CAPTURE_AUTORELEASING = YES;
				CLANG_WARN_BOOL_CONVERSION = YES;
				CLANG_WARN_COMMA = YES;
				CLANG_WARN_CONSTANT_CONVERSION = YES;
				CLANG_WARN_DEPRECATED_OBJC_IMPLEMENTATIONS = YES;
				CLANG_WARN_DIRECT_OBJC_ISA_USAGE = YES_ERROR;
				CLANG_WARN_DOCUMENTATION_COMMENTS = YES;
				CLANG_WARN_EMPTY_BODY = YES;
				CLANG_WARN_ENUM_CONVERSION = YES;
				CLANG_WARN_INFINITE_RECURSION = YES;
				CLANG_WARN_INT_CONVERSION = YES;
				CLANG_WARN_NON_LITERAL_NULL_CONVERSION = YES;
				CLANG_WARN_OBJC_IMPLICIT_RETAIN_SELF = YES;
				CLANG_WARN_OBJC_LITERAL_CONVERSION = YES;
				CLANG_WARN_OBJC_ROOT_CLASS = YES_ERROR;
				CLANG_WARN_RANGE_LOOP_ANALYSIS = YES;
				CLANG_WARN_STRICT_PROTOTYPES = YES;
				CLANG_WARN_SUSPICIOUS_MOVE = YES;
				CLANG_WARN_UNGUARDED_AVAILABILITY = YES_AGGRESSIVE;
				CLANG_WARN_UNREACHABLE_CODE = YES;
				CLANG_WARN__DUPLICATE_METHOD_MATCH = YES;
				COPY_PHASE_STRIP = NO;
				DEBUG_INFORMATION_FORMAT = dwarf;
				ENABLE_STRICT_OBJC_MSGSEND = YES;
				ENABLE_TESTABILITY = YES;
				GCC_C_LANGUAGE_STANDARD = gnu11;
				GCC_DYNAMIC_NO_PIC = NO;
				GCC_NO_COMMON_BLOCKS = YES;
				GCC_OPTIMIZATION_LEVEL = 0;
				GCC_PREPROCESSOR_DEFINITIONS = (
					"DEBUG=1",
					"$(inherited)",
				);
				GCC_WARN_64_TO_32_BIT_CONVERSION = YES;
				GCC_WARN_ABOUT_RETURN_TYPE = YES_ERROR;
				GCC_WARN_UNDECLARED_SELECTOR = YES;
				GCC_WARN_UNINITIALIZED_AUTOS = YES_AGGRESSIVE;
				GCC_WARN_UNUSED_FUNCTION = YES;
				GCC_WARN_UNUSED_VARIABLE = YES;
				IPHONEOS_DEPLOYMENT_TARGET = 13.1;
				MTL_ENABLE_DEBUG_INFO = INCLUDE_SOURCE;
				MTL_FAST_MATH = YES;
				ONLY_ACTIVE_ARCH = YES;
				SDKROOT = iphoneos;
				SWIFT_ACTIVE_COMPILATION_CONDITIONS = DEBUG;
				SWIFT_OPTIMIZATION_LEVEL = "-Onone";
			};
			name = Debug;
		};
		FC742CA123550AAC00A89AE8 /* Release */ = {
			isa = XCBuildConfiguration;
			buildSettings = {
				ALWAYS_SEARCH_USER_PATHS = NO;
				CLANG_ANALYZER_NONNULL = YES;
				CLANG_ANALYZER_NUMBER_OBJECT_CONVERSION = YES_AGGRESSIVE;
				CLANG_CXX_LANGUAGE_STANDARD = "gnu++14";
				CLANG_CXX_LIBRARY = "libc++";
				CLANG_ENABLE_MODULES = YES;
				CLANG_ENABLE_OBJC_ARC = YES;
				CLANG_ENABLE_OBJC_WEAK = YES;
				CLANG_WARN_BLOCK_CAPTURE_AUTORELEASING = YES;
				CLANG_WARN_BOOL_CONVERSION = YES;
				CLANG_WARN_COMMA = YES;
				CLANG_WARN_CONSTANT_CONVERSION = YES;
				CLANG_WARN_DEPRECATED_OBJC_IMPLEMENTATIONS = YES;
				CLANG_WARN_DIRECT_OBJC_ISA_USAGE = YES_ERROR;
				CLANG_WARN_DOCUMENTATION_COMMENTS = YES;
				CLANG_WARN_EMPTY_BODY = YES;
				CLANG_WARN_ENUM_CONVERSION = YES;
				CLANG_WARN_INFINITE_RECURSION = YES;
				CLANG_WARN_INT_CONVERSION = YES;
				CLANG_WARN_NON_LITERAL_NULL_CONVERSION = YES;
				CLANG_WARN_OBJC_IMPLICIT_RETAIN_SELF = YES;
				CLANG_WARN_OBJC_LITERAL_CONVERSION = YES;
				CLANG_WARN_OBJC_ROOT_CLASS = YES_ERROR;
				CLANG_WARN_RANGE_LOOP_ANALYSIS = YES;
				CLANG_WARN_STRICT_PROTOTYPES = YES;
				CLANG_WARN_SUSPICIOUS_MOVE = YES;
				CLANG_WARN_UNGUARDED_AVAILABILITY = YES_AGGRESSIVE;
				CLANG_WARN_UNREACHABLE_CODE = YES;
				CLANG_WARN__DUPLICATE_METHOD_MATCH = YES;
				COPY_PHASE_STRIP = NO;
				DEBUG_INFORMATION_FORMAT = "dwarf-with-dsym";
				ENABLE_NS_ASSERTIONS = NO;
				ENABLE_STRICT_OBJC_MSGSEND = YES;
				GCC_C_LANGUAGE_STANDARD = gnu11;
				GCC_NO_COMMON_BLOCKS = YES;
				GCC_WARN_64_TO_32_BIT_CONVERSION = YES;
				GCC_WARN_ABOUT_RETURN_TYPE = YES_ERROR;
				GCC_WARN_UNDECLARED_SELECTOR = YES;
				GCC_WARN_UNINITIALIZED_AUTOS = YES_AGGRESSIVE;
				GCC_WARN_UNUSED_FUNCTION = YES;
				GCC_WARN_UNUSED_VARIABLE = YES;
				IPHONEOS_DEPLOYMENT_TARGET = 13.1;
				MTL_ENABLE_DEBUG_INFO = NO;
				MTL_FAST_MATH = YES;
				SDKROOT = iphoneos;
				SWIFT_COMPILATION_MODE = wholemodule;
				SWIFT_OPTIMIZATION_LEVEL = "-O";
				VALIDATE_PRODUCT = YES;
			};
			name = Release;
		};
		FC742CA323550AAC00A89AE8 /* Debug */ = {
			isa = XCBuildConfiguration;
			buildSettings = {
				ASSETCATALOG_COMPILER_APPICON_NAME = AppIcon;
				CODE_SIGN_ENTITLEMENTS = JournalCloudKit/JournalCloudKit.entitlements;
				CODE_SIGN_STYLE = Automatic;
				DEVELOPMENT_TEAM = LNY44KHWJJ;
				INFOPLIST_FILE = "$(SRCROOT)/JournalCloudKit/Resources/Info.plist";
				LD_RUNPATH_SEARCH_PATHS = (
					"$(inherited)",
					"@executable_path/Frameworks",
				);
				PRODUCT_BUNDLE_IDENTIFIER = com.example.JournalCloudKit;
				PRODUCT_NAME = "$(TARGET_NAME)";
				SWIFT_VERSION = 5.0;
				TARGETED_DEVICE_FAMILY = "1,2";
			};
			name = Debug;
		};
		FC742CA423550AAC00A89AE8 /* Release */ = {
			isa = XCBuildConfiguration;
			buildSettings = {
				ASSETCATALOG_COMPILER_APPICON_NAME = AppIcon;
				CODE_SIGN_ENTITLEMENTS = JournalCloudKit/JournalCloudKit.entitlements;
				CODE_SIGN_STYLE = Automatic;
				DEVELOPMENT_TEAM = LNY44KHWJJ;
				INFOPLIST_FILE = "$(SRCROOT)/JournalCloudKit/Resources/Info.plist";
				LD_RUNPATH_SEARCH_PATHS = (
					"$(inherited)",
					"@executable_path/Frameworks",
				);
				PRODUCT_BUNDLE_IDENTIFIER = com.example.JournalCloudKit;
				PRODUCT_NAME = "$(TARGET_NAME)";
				SWIFT_VERSION = 5.0;
				TARGETED_DEVICE_FAMILY = "1,2";
			};
			name = Release;
		};
/* End XCBuildConfiguration section */

/* Begin XCConfigurationList section */
		FC742C8923550AA700A89AE8 /* Build configuration list for PBXProject "JournalCloudKit" */ = {
			isa = XCConfigurationList;
			buildConfigurations = (
				FC742CA023550AAC00A89AE8 /* Debug */,
				FC742CA123550AAC00A89AE8 /* Release */,
			);
			defaultConfigurationIsVisible = 0;
			defaultConfigurationName = Release;
		};
		FC742CA223550AAC00A89AE8 /* Build configuration list for PBXNativeTarget "JournalCloudKit" */ = {
			isa = XCConfigurationList;
			buildConfigurations = (
				FC742CA323550AAC00A89AE8 /* Debug */,
				FC742CA423550AAC00A89AE8 /* Release */,
			);
			defaultConfigurationIsVisible = 0;
			defaultConfigurationName = Release;
		};
/* End XCConfigurationList section */
	};
	rootObject = FC742C8623550AA700A89AE8 /* Project object */;
}
